// !$*UTF8*$!
{
	archiveVersion = 1;
	classes = {
	};
	objectVersion = 51;
	objects = {

/* Begin PBXBuildFile section */
		4EDB602B5014378B1F26C14F /* Pods_Task.framework in Frameworks */ = {isa = PBXBuildFile; fileRef = B08D95F7276849248EDA5362 /* Pods_Task.framework */; };
		86487F072421898600476727 /* FilesViewController.swift in Sources */ = {isa = PBXBuildFile; fileRef = 86487F062421898600476727 /* FilesViewController.swift */; };
		86487F092421998000476727 /* FirstViewController.swift in Sources */ = {isa = PBXBuildFile; fileRef = 86487F082421998000476727 /* FirstViewController.swift */; };
		86487F0B24219DE700476727 /* SignInViewController.swift in Sources */ = {isa = PBXBuildFile; fileRef = 86487F0A24219DE700476727 /* SignInViewController.swift */; };
		866463002420DF0400EEB6C7 /* AppDelegate.swift in Sources */ = {isa = PBXBuildFile; fileRef = 866462FF2420DF0400EEB6C7 /* AppDelegate.swift */; };
		866463022420DF0400EEB6C7 /* SceneDelegate.swift in Sources */ = {isa = PBXBuildFile; fileRef = 866463012420DF0400EEB6C7 /* SceneDelegate.swift */; };
		866463042420DF0400EEB6C7 /* ViewController.swift in Sources */ = {isa = PBXBuildFile; fileRef = 866463032420DF0400EEB6C7 /* ViewController.swift */; };
		866463072420DF0400EEB6C7 /* Main.storyboard in Resources */ = {isa = PBXBuildFile; fileRef = 866463052420DF0400EEB6C7 /* Main.storyboard */; };
		8664630A2420DF0400EEB6C7 /* Task.xcdatamodeld in Sources */ = {isa = PBXBuildFile; fileRef = 866463082420DF0400EEB6C7 /* Task.xcdatamodeld */; };
		8664630C2420DF0900EEB6C7 /* Assets.xcassets in Resources */ = {isa = PBXBuildFile; fileRef = 8664630B2420DF0900EEB6C7 /* Assets.xcassets */; };
		8664630F2420DF0900EEB6C7 /* LaunchScreen.storyboard in Resources */ = {isa = PBXBuildFile; fileRef = 8664630D2420DF0900EEB6C7 /* LaunchScreen.storyboard */; };
		86932A4F2424AD8500BAB619 /* ChooseViewController.swift in Sources */ = {isa = PBXBuildFile; fileRef = 86932A4E2424AD8500BAB619 /* ChooseViewController.swift */; };
		86932A512424B12300BAB619 /* CreateViewController.swift in Sources */ = {isa = PBXBuildFile; fileRef = 86932A502424B12300BAB619 /* CreateViewController.swift */; };
		86932A532424B18400BAB619 /* ImportViewController.swift in Sources */ = {isa = PBXBuildFile; fileRef = 86932A522424B18400BAB619 /* ImportViewController.swift */; };
		86B0413F24238A6C002A98E6 /* DBManager.swift in Sources */ = {isa = PBXBuildFile; fileRef = 86B0413E24238A6C002A98E6 /* DBManager.swift */; };
		86B5FE7B242110BA00F68BE4 /* GoogleService-Info.plist in Resources */ = {isa = PBXBuildFile; fileRef = 86B5FE7A242110BA00F68BE4 /* GoogleService-Info.plist */; };
		86B5FE7D2421128000F68BE4 /* Constants.swift in Sources */ = {isa = PBXBuildFile; fileRef = 86B5FE7C2421128000F68BE4 /* Constants.swift */; };
		86B5FE7F242117DA00F68BE4 /* TextFile.swift in Sources */ = {isa = PBXBuildFile; fileRef = 86B5FE7E242117DA00F68BE4 /* TextFile.swift */; };
		86C4EA1C242B7606007A4474 /* FBDManager.swift in Sources */ = {isa = PBXBuildFile; fileRef = 86C4EA1B242B7606007A4474 /* FBDManager.swift */; };
		86D776492427A88400BC7276 /* TableViewCell.swift in Sources */ = {isa = PBXBuildFile; fileRef = 86D776472427A88400BC7276 /* TableViewCell.swift */; };
		86D7764A2427A88400BC7276 /* TableViewCell.xib in Resources */ = {isa = PBXBuildFile; fileRef = 86D776482427A88400BC7276 /* TableViewCell.xib */; };
		86D7764C2427AE8300BC7276 /* MyUITableViewDiffableDataSource.swift in Sources */ = {isa = PBXBuildFile; fileRef = 86D7764B2427AE8300BC7276 /* MyUITableViewDiffableDataSource.swift */; };
		86D7764E2428CCB900BC7276 /* Sections.swift in Sources */ = {isa = PBXBuildFile; fileRef = 86D7764D2428CCB900BC7276 /* Sections.swift */; };
		86F6320C2423B1D100D2F26F /* SignUpViewController.swift in Sources */ = {isa = PBXBuildFile; fileRef = 86F6320B2423B1D100D2F26F /* SignUpViewController.swift */; };
/* End PBXBuildFile section */

/* Begin PBXFileReference section */
		0A2C9F1E8BDC86A8DC28DC0C /* Pods-Task.release.xcconfig */ = {isa = PBXFileReference; includeInIndex = 1; lastKnownFileType = text.xcconfig; name = "Pods-Task.release.xcconfig"; path = "Target Support Files/Pods-Task/Pods-Task.release.xcconfig"; sourceTree = "<group>"; };
		5BC19E9FDC024E1F465FEC42 /* Pods-Task.debug.xcconfig */ = {isa = PBXFileReference; includeInIndex = 1; lastKnownFileType = text.xcconfig; name = "Pods-Task.debug.xcconfig"; path = "Target Support Files/Pods-Task/Pods-Task.debug.xcconfig"; sourceTree = "<group>"; };
		86487F062421898600476727 /* FilesViewController.swift */ = {isa = PBXFileReference; lastKnownFileType = sourcecode.swift; path = FilesViewController.swift; sourceTree = "<group>"; };
		86487F082421998000476727 /* FirstViewController.swift */ = {isa = PBXFileReference; lastKnownFileType = sourcecode.swift; path = FirstViewController.swift; sourceTree = "<group>"; };
		86487F0A24219DE700476727 /* SignInViewController.swift */ = {isa = PBXFileReference; lastKnownFileType = sourcecode.swift; path = SignInViewController.swift; sourceTree = "<group>"; };
		866462FC2420DF0400EEB6C7 /* Task.app */ = {isa = PBXFileReference; explicitFileType = wrapper.application; includeInIndex = 0; path = Task.app; sourceTree = BUILT_PRODUCTS_DIR; };
		866462FF2420DF0400EEB6C7 /* AppDelegate.swift */ = {isa = PBXFileReference; lastKnownFileType = sourcecode.swift; path = AppDelegate.swift; sourceTree = "<group>"; };
		866463012420DF0400EEB6C7 /* SceneDelegate.swift */ = {isa = PBXFileReference; lastKnownFileType = sourcecode.swift; path = SceneDelegate.swift; sourceTree = "<group>"; };
		866463032420DF0400EEB6C7 /* ViewController.swift */ = {isa = PBXFileReference; lastKnownFileType = sourcecode.swift; path = ViewController.swift; sourceTree = "<group>"; };
		866463062420DF0400EEB6C7 /* Base */ = {isa = PBXFileReference; lastKnownFileType = file.storyboard; name = Base; path = Base.lproj/Main.storyboard; sourceTree = "<group>"; };
		866463092420DF0400EEB6C7 /* Task.xcdatamodel */ = {isa = PBXFileReference; lastKnownFileType = wrapper.xcdatamodel; path = Task.xcdatamodel; sourceTree = "<group>"; };
		8664630B2420DF0900EEB6C7 /* Assets.xcassets */ = {isa = PBXFileReference; lastKnownFileType = folder.assetcatalog; path = Assets.xcassets; sourceTree = "<group>"; };
		8664630E2420DF0900EEB6C7 /* Base */ = {isa = PBXFileReference; lastKnownFileType = file.storyboard; name = Base; path = Base.lproj/LaunchScreen.storyboard; sourceTree = "<group>"; };
		866463102420DF0900EEB6C7 /* Info.plist */ = {isa = PBXFileReference; lastKnownFileType = text.plist.xml; path = Info.plist; sourceTree = "<group>"; };
		86932A4E2424AD8500BAB619 /* ChooseViewController.swift */ = {isa = PBXFileReference; lastKnownFileType = sourcecode.swift; path = ChooseViewController.swift; sourceTree = "<group>"; };
		86932A502424B12300BAB619 /* CreateViewController.swift */ = {isa = PBXFileReference; lastKnownFileType = sourcecode.swift; path = CreateViewController.swift; sourceTree = "<group>"; };
		86932A522424B18400BAB619 /* ImportViewController.swift */ = {isa = PBXFileReference; lastKnownFileType = sourcecode.swift; path = ImportViewController.swift; sourceTree = "<group>"; };
		86B0413E24238A6C002A98E6 /* DBManager.swift */ = {isa = PBXFileReference; lastKnownFileType = sourcecode.swift; path = DBManager.swift; sourceTree = "<group>"; };
		86B5FE7A242110BA00F68BE4 /* GoogleService-Info.plist */ = {isa = PBXFileReference; fileEncoding = 4; lastKnownFileType = text.plist.xml; path = "GoogleService-Info.plist"; sourceTree = "<group>"; };
		86B5FE7C2421128000F68BE4 /* Constants.swift */ = {isa = PBXFileReference; lastKnownFileType = sourcecode.swift; path = Constants.swift; sourceTree = "<group>"; };
		86B5FE7E242117DA00F68BE4 /* TextFile.swift */ = {isa = PBXFileReference; lastKnownFileType = sourcecode.swift; path = TextFile.swift; sourceTree = "<group>"; };
		86C4EA1B242B7606007A4474 /* FBDManager.swift */ = {isa = PBXFileReference; lastKnownFileType = sourcecode.swift; path = FBDManager.swift; sourceTree = "<group>"; };
		86D776472427A88400BC7276 /* TableViewCell.swift */ = {isa = PBXFileReference; lastKnownFileType = sourcecode.swift; path = TableViewCell.swift; sourceTree = "<group>"; };
		86D776482427A88400BC7276 /* TableViewCell.xib */ = {isa = PBXFileReference; lastKnownFileType = file.xib; path = TableViewCell.xib; sourceTree = "<group>"; };
		86D7764B2427AE8300BC7276 /* MyUITableViewDiffableDataSource.swift */ = {isa = PBXFileReference; lastKnownFileType = sourcecode.swift; path = MyUITableViewDiffableDataSource.swift; sourceTree = "<group>"; };
		86D7764D2428CCB900BC7276 /* Sections.swift */ = {isa = PBXFileReference; lastKnownFileType = sourcecode.swift; path = Sections.swift; sourceTree = "<group>"; };
		86F6320B2423B1D100D2F26F /* SignUpViewController.swift */ = {isa = PBXFileReference; lastKnownFileType = sourcecode.swift; path = SignUpViewController.swift; sourceTree = "<group>"; };
		B08D95F7276849248EDA5362 /* Pods_Task.framework */ = {isa = PBXFileReference; explicitFileType = wrapper.framework; includeInIndex = 0; path = Pods_Task.framework; sourceTree = BUILT_PRODUCTS_DIR; };
/* End PBXFileReference section */

/* Begin PBXFrameworksBuildPhase section */
		866462F92420DF0400EEB6C7 /* Frameworks */ = {
			isa = PBXFrameworksBuildPhase;
			buildActionMask = 2147483647;
			files = (
				4EDB602B5014378B1F26C14F /* Pods_Task.framework in Frameworks */,
			);
			runOnlyForDeploymentPostprocessing = 0;
		};
/* End PBXFrameworksBuildPhase section */

/* Begin PBXGroup section */
		6DBEAF8CAFB59EC9A6450979 /* Pods */ = {
			isa = PBXGroup;
			children = (
				5BC19E9FDC024E1F465FEC42 /* Pods-Task.debug.xcconfig */,
				0A2C9F1E8BDC86A8DC28DC0C /* Pods-Task.release.xcconfig */,
			);
			path = Pods;
			sourceTree = "<group>";
		};
		866462F32420DF0400EEB6C7 = {
			isa = PBXGroup;
			children = (
				866462FE2420DF0400EEB6C7 /* Task */,
				866462FD2420DF0400EEB6C7 /* Products */,
				6DBEAF8CAFB59EC9A6450979 /* Pods */,
				CF070A64417B0DB8FA313332 /* Frameworks */,
			);
			sourceTree = "<group>";
		};
		866462FD2420DF0400EEB6C7 /* Products */ = {
			isa = PBXGroup;
			children = (
				866462FC2420DF0400EEB6C7 /* Task.app */,
			);
			name = Products;
			sourceTree = "<group>";
		};
		866462FE2420DF0400EEB6C7 /* Task */ = {
			isa = PBXGroup;
			children = (
				86D776462427A57E00BC7276 /* New */,
				86B5FE7C2421128000F68BE4 /* Constants.swift */,
				86F497622420EEFD00BC5912 /* Model */,
				86F497612420EEF400BC5912 /* View */,
				86F497602420EEE700BC5912 /* Controller */,
				866462FF2420DF0400EEB6C7 /* AppDelegate.swift */,
				866463012420DF0400EEB6C7 /* SceneDelegate.swift */,
				8664630B2420DF0900EEB6C7 /* Assets.xcassets */,
				8664630D2420DF0900EEB6C7 /* LaunchScreen.storyboard */,
				866463082420DF0400EEB6C7 /* Task.xcdatamodeld */,
				866463102420DF0900EEB6C7 /* Info.plist */,
				86B5FE7A242110BA00F68BE4 /* GoogleService-Info.plist */,
			);
			path = Task;
			sourceTree = "<group>";
		};
		86D776462427A57E00BC7276 /* New */ = {
			isa = PBXGroup;
			children = (
				86D776472427A88400BC7276 /* TableViewCell.swift */,
				86D776482427A88400BC7276 /* TableViewCell.xib */,
				86D7764B2427AE8300BC7276 /* MyUITableViewDiffableDataSource.swift */,
				86D7764D2428CCB900BC7276 /* Sections.swift */,
			);
			path = New;
			sourceTree = "<group>";
		};
		86F497602420EEE700BC5912 /* Controller */ = {
			isa = PBXGroup;
			children = (
				86487F082421998000476727 /* FirstViewController.swift */,
				86487F0A24219DE700476727 /* SignInViewController.swift */,
				86F6320B2423B1D100D2F26F /* SignUpViewController.swift */,
				86487F062421898600476727 /* FilesViewController.swift */,
				86932A4E2424AD8500BAB619 /* ChooseViewController.swift */,
				86932A502424B12300BAB619 /* CreateViewController.swift */,
				86932A522424B18400BAB619 /* ImportViewController.swift */,
				866463032420DF0400EEB6C7 /* ViewController.swift */,
			);
			path = Controller;
			sourceTree = "<group>";
		};
		86F497612420EEF400BC5912 /* View */ = {
			isa = PBXGroup;
			children = (
				866463052420DF0400EEB6C7 /* Main.storyboard */,
			);
			path = View;
			sourceTree = "<group>";
		};
		86F497622420EEFD00BC5912 /* Model */ = {
			isa = PBXGroup;
			children = (
				86B5FE7E242117DA00F68BE4 /* TextFile.swift */,
				86B0413E24238A6C002A98E6 /* DBManager.swift */,
				86C4EA1B242B7606007A4474 /* FBDManager.swift */,
			);
			path = Model;
			sourceTree = "<group>";
		};
		CF070A64417B0DB8FA313332 /* Frameworks */ = {
			isa = PBXGroup;
			children = (
				B08D95F7276849248EDA5362 /* Pods_Task.framework */,
			);
			name = Frameworks;
			sourceTree = "<group>";
		};
/* End PBXGroup section */

/* Begin PBXNativeTarget section */
		866462FB2420DF0400EEB6C7 /* Task */ = {
			isa = PBXNativeTarget;
			buildConfigurationList = 866463132420DF0900EEB6C7 /* Build configuration list for PBXNativeTarget "Task" */;
			buildPhases = (
				AABD48DBFDA871FC2CB72EBA /* [CP] Check Pods Manifest.lock */,
				866462F82420DF0400EEB6C7 /* Sources */,
				866462F92420DF0400EEB6C7 /* Frameworks */,
				866462FA2420DF0400EEB6C7 /* Resources */,
				6C896BF4322343A8D74CEFF8 /* [CP] Embed Pods Frameworks */,
			);
			buildRules = (
			);
			dependencies = (
			);
			name = Task;
			productName = Task;
			productReference = 866462FC2420DF0400EEB6C7 /* Task.app */;
			productType = "com.apple.product-type.application";
		};
/* End PBXNativeTarget section */

/* Begin PBXProject section */
		866462F42420DF0400EEB6C7 /* Project object */ = {
			isa = PBXProject;
			attributes = {
				LastSwiftUpdateCheck = 1130;
				LastUpgradeCheck = 1130;
				ORGANIZATIONNAME = "Eyad Heikal";
				TargetAttributes = {
					866462FB2420DF0400EEB6C7 = {
						CreatedOnToolsVersion = 11.3.1;
					};
				};
			};
			buildConfigurationList = 866462F72420DF0400EEB6C7 /* Build configuration list for PBXProject "Task" */;
			compatibilityVersion = "Xcode 9.3";
			developmentRegion = en;
			hasScannedForEncodings = 0;
			knownRegions = (
				en,
				Base,
			);
			mainGroup = 866462F32420DF0400EEB6C7;
			productRefGroup = 866462FD2420DF0400EEB6C7 /* Products */;
			projectDirPath = "";
			projectRoot = "";
			targets = (
				866462FB2420DF0400EEB6C7 /* Task */,
			);
		};
/* End PBXProject section */

/* Begin PBXResourcesBuildPhase section */
		866462FA2420DF0400EEB6C7 /* Resources */ = {
			isa = PBXResourcesBuildPhase;
			buildActionMask = 2147483647;
			files = (
				8664630F2420DF0900EEB6C7 /* LaunchScreen.storyboard in Resources */,
				86D7764A2427A88400BC7276 /* TableViewCell.xib in Resources */,
				86B5FE7B242110BA00F68BE4 /* GoogleService-Info.plist in Resources */,
				8664630C2420DF0900EEB6C7 /* Assets.xcassets in Resources */,
				866463072420DF0400EEB6C7 /* Main.storyboard in Resources */,
			);
			runOnlyForDeploymentPostprocessing = 0;
		};
/* End PBXResourcesBuildPhase section */

/* Begin PBXShellScriptBuildPhase section */
		6C896BF4322343A8D74CEFF8 /* [CP] Embed Pods Frameworks */ = {
			isa = PBXShellScriptBuildPhase;
			buildActionMask = 2147483647;
			files = (
			);
			inputFileListPaths = (
				"${PODS_ROOT}/Target Support Files/Pods-Task/Pods-Task-frameworks-${CONFIGURATION}-input-files.xcfilelist",
			);
			name = "[CP] Embed Pods Frameworks";
			outputFileListPaths = (
				"${PODS_ROOT}/Target Support Files/Pods-Task/Pods-Task-frameworks-${CONFIGURATION}-output-files.xcfilelist",
			);
			runOnlyForDeploymentPostprocessing = 0;
			shellPath = /bin/sh;
			shellScript = "\"${PODS_ROOT}/Target Support Files/Pods-Task/Pods-Task-frameworks.sh\"\n";
			showEnvVarsInLog = 0;
		};
		AABD48DBFDA871FC2CB72EBA /* [CP] Check Pods Manifest.lock */ = {
			isa = PBXShellScriptBuildPhase;
			buildActionMask = 2147483647;
			files = (
			);
			inputFileListPaths = (
			);
			inputPaths = (
				"${PODS_PODFILE_DIR_PATH}/Podfile.lock",
				"${PODS_ROOT}/Manifest.lock",
			);
			name = "[CP] Check Pods Manifest.lock";
			outputFileListPaths = (
			);
			outputPaths = (
				"$(DERIVED_FILE_DIR)/Pods-Task-checkManifestLockResult.txt",
			);
			runOnlyForDeploymentPostprocessing = 0;
			shellPath = /bin/sh;
			shellScript = "diff \"${PODS_PODFILE_DIR_PATH}/Podfile.lock\" \"${PODS_ROOT}/Manifest.lock\" > /dev/null\nif [ $? != 0 ] ; then\n    # print error to STDERR\n    echo \"error: The sandbox is not in sync with the Podfile.lock. Run 'pod install' or update your CocoaPods installation.\" >&2\n    exit 1\nfi\n# This output is used by Xcode 'outputs' to avoid re-running this script phase.\necho \"SUCCESS\" > \"${SCRIPT_OUTPUT_FILE_0}\"\n";
			showEnvVarsInLog = 0;
		};
/* End PBXShellScriptBuildPhase section */

/* Begin PBXSourcesBuildPhase section */
		866462F82420DF0400EEB6C7 /* Sources */ = {
			isa = PBXSourcesBuildPhase;
			buildActionMask = 2147483647;
			files = (
				86D776492427A88400BC7276 /* TableViewCell.swift in Sources */,
				8664630A2420DF0400EEB6C7 /* Task.xcdatamodeld in Sources */,
				86487F092421998000476727 /* FirstViewController.swift in Sources */,
				866463042420DF0400EEB6C7 /* ViewController.swift in Sources */,
				86D7764E2428CCB900BC7276 /* Sections.swift in Sources */,
				86487F0B24219DE700476727 /* SignInViewController.swift in Sources */,
				86B5FE7D2421128000F68BE4 /* Constants.swift in Sources */,
				86932A4F2424AD8500BAB619 /* ChooseViewController.swift in Sources */,
				86F6320C2423B1D100D2F26F /* SignUpViewController.swift in Sources */,
				866463002420DF0400EEB6C7 /* AppDelegate.swift in Sources */,
				866463022420DF0400EEB6C7 /* SceneDelegate.swift in Sources */,
				86932A512424B12300BAB619 /* CreateViewController.swift in Sources */,
				86487F072421898600476727 /* FilesViewController.swift in Sources */,
				86B5FE7F242117DA00F68BE4 /* TextFile.swift in Sources */,
				86B0413F24238A6C002A98E6 /* DBManager.swift in Sources */,
				86932A532424B18400BAB619 /* ImportViewController.swift in Sources */,
				86C4EA1C242B7606007A4474 /* FBDManager.swift in Sources */,
				86D7764C2427AE8300BC7276 /* MyUITableViewDiffableDataSource.swift in Sources */,
			);
			runOnlyForDeploymentPostprocessing = 0;
		};
/* End PBXSourcesBuildPhase section */

/* Begin PBXVariantGroup section */
		866463052420DF0400EEB6C7 /* Main.storyboard */ = {
			isa = PBXVariantGroup;
			children = (
				866463062420DF0400EEB6C7 /* Base */,
			);
			name = Main.storyboard;
			sourceTree = "<group>";
		};
		8664630D2420DF0900EEB6C7 /* LaunchScreen.storyboard */ = {
			isa = PBXVariantGroup;
			children = (
				8664630E2420DF0900EEB6C7 /* Base */,
			);
			name = LaunchScreen.storyboard;
			sourceTree = "<group>";
		};
/* End PBXVariantGroup section */

/* Begin XCBuildConfiguration section */
		866463112420DF0900EEB6C7 /* Debug */ = {
			isa = XCBuildConfiguration;
			buildSettings = {
				ALWAYS_SEARCH_USER_PATHS = NO;
				CLANG_ANALYZER_NONNULL = YES;
				CLANG_ANALYZER_NUMBER_OBJECT_CONVERSION = YES_AGGRESSIVE;
				CLANG_CXX_LANGUAGE_STANDARD = "gnu++14";
				CLANG_CXX_LIBRARY = "libc++";
				CLANG_ENABLE_MODULES = YES;
				CLANG_ENABLE_OBJC_ARC = YES;
				CLANG_ENABLE_OBJC_WEAK = YES;
				CLANG_WARN_BLOCK_CAPTURE_AUTORELEASING = YES;
				CLANG_WARN_BOOL_CONVERSION = YES;
				CLANG_WARN_COMMA = YES;
				CLANG_WARN_CONSTANT_CONVERSION = YES;
				CLANG_WARN_DEPRECATED_OBJC_IMPLEMENTATIONS = YES;
				CLANG_WARN_DIRECT_OBJC_ISA_USAGE = YES_ERROR;
				CLANG_WARN_DOCUMENTATION_COMMENTS = YES;
				CLANG_WARN_EMPTY_BODY = YES;
				CLANG_WARN_ENUM_CONVERSION = YES;
				CLANG_WARN_INFINITE_RECURSION = YES;
				CLANG_WARN_INT_CONVERSION = YES;
				CLANG_WARN_NON_LITERAL_NULL_CONVERSION = YES;
				CLANG_WARN_OBJC_IMPLICIT_RETAIN_SELF = YES;
				CLANG_WARN_OBJC_LITERAL_CONVERSION = YES;
				CLANG_WARN_OBJC_ROOT_CLASS = YES_ERROR;
				CLANG_WARN_RANGE_LOOP_ANALYSIS = YES;
				CLANG_WARN_STRICT_PROTOTYPES = YES;
				CLANG_WARN_SUSPICIOUS_MOVE = YES;
				CLANG_WARN_UNGUARDED_AVAILABILITY = YES_AGGRESSIVE;
				CLANG_WARN_UNREACHABLE_CODE = YES;
				CLANG_WARN__DUPLICATE_METHOD_MATCH = YES;
				COPY_PHASE_STRIP = NO;
				DEBUG_INFORMATION_FORMAT = dwarf;
				ENABLE_STRICT_OBJC_MSGSEND = YES;
				ENABLE_TESTABILITY = YES;
				GCC_C_LANGUAGE_STANDARD = gnu11;
				GCC_DYNAMIC_NO_PIC = NO;
				GCC_NO_COMMON_BLOCKS = YES;
				GCC_OPTIMIZATION_LEVEL = 0;
				GCC_PREPROCESSOR_DEFINITIONS = (
					"DEBUG=1",
					"$(inherited)",
				);
				GCC_WARN_64_TO_32_BIT_CONVERSION = YES;
				GCC_WARN_ABOUT_RETURN_TYPE = YES_ERROR;
				GCC_WARN_UNDECLARED_SELECTOR = YES;
				GCC_WARN_UNINITIALIZED_AUTOS = YES_AGGRESSIVE;
				GCC_WARN_UNUSED_FUNCTION = YES;
				GCC_WARN_UNUSED_VARIABLE = YES;
				IPHONEOS_DEPLOYMENT_TARGET = 13.2;
				MTL_ENABLE_DEBUG_INFO = INCLUDE_SOURCE;
				MTL_FAST_MATH = YES;
				ONLY_ACTIVE_ARCH = YES;
				SDKROOT = iphoneos;
				SWIFT_ACTIVE_COMPILATION_CONDITIONS = DEBUG;
				SWIFT_OPTIMIZATION_LEVEL = "-Onone";
			};
			name = Debug;
		};
		866463122420DF0900EEB6C7 /* Release */ = {
			isa = XCBuildConfiguration;
			buildSettings = {
				ALWAYS_SEARCH_USER_PATHS = NO;
				CLANG_ANALYZER_NONNULL = YES;
				CLANG_ANALYZER_NUMBER_OBJECT_CONVERSION = YES_AGGRESSIVE;
				CLANG_CXX_LANGUAGE_STANDARD = "gnu++14";
				CLANG_CXX_LIBRARY = "libc++";
				CLANG_ENABLE_MODULES = YES;
				CLANG_ENABLE_OBJC_ARC = YES;
				CLANG_ENABLE_OBJC_WEAK = YES;
				CLANG_WARN_BLOCK_CAPTURE_AUTORELEASING = YES;
				CLANG_WARN_BOOL_CONVERSION = YES;
				CLANG_WARN_COMMA = YES;
				CLANG_WARN_CONSTANT_CONVERSION = YES;
				CLANG_WARN_DEPRECATED_OBJC_IMPLEMENTATIONS = YES;
				CLANG_WARN_DIRECT_OBJC_ISA_USAGE = YES_ERROR;
				CLANG_WARN_DOCUMENTATION_COMMENTS = YES;
				CLANG_WARN_EMPTY_BODY = YES;
				CLANG_WARN_ENUM_CONVERSION = YES;
				CLANG_WARN_INFINITE_RECURSION = YES;
				CLANG_WARN_INT_CONVERSION = YES;
				CLANG_WARN_NON_LITERAL_NULL_CONVERSION = YES;
				CLANG_WARN_OBJC_IMPLICIT_RETAIN_SELF = YES;
				CLANG_WARN_OBJC_LITERAL_CONVERSION = YES;
				CLANG_WARN_OBJC_ROOT_CLASS = YES_ERROR;
				CLANG_WARN_RANGE_LOOP_ANALYSIS = YES;
				CLANG_WARN_STRICT_PROTOTYPES = YES;
				CLANG_WARN_SUSPICIOUS_MOVE = YES;
				CLANG_WARN_UNGUARDED_AVAILABILITY = YES_AGGRESSIVE;
				CLANG_WARN_UNREACHABLE_CODE = YES;
				CLANG_WARN__DUPLICATE_METHOD_MATCH = YES;
				COPY_PHASE_STRIP = NO;
				DEBUG_INFORMATION_FORMAT = "dwarf-with-dsym";
				ENABLE_NS_ASSERTIONS = NO;
				ENABLE_STRICT_OBJC_MSGSEND = YES;
				GCC_C_LANGUAGE_STANDARD = gnu11;
				GCC_NO_COMMON_BLOCKS = YES;
				GCC_WARN_64_TO_32_BIT_CONVERSION = YES;
				GCC_WARN_ABOUT_RETURN_TYPE = YES_ERROR;
				GCC_WARN_UNDECLARED_SELECTOR = YES;
				GCC_WARN_UNINITIALIZED_AUTOS = YES_AGGRESSIVE;
				GCC_WARN_UNUSED_FUNCTION = YES;
				GCC_WARN_UNUSED_VARIABLE = YES;
				IPHONEOS_DEPLOYMENT_TARGET = 13.2;
				MTL_ENABLE_DEBUG_INFO = NO;
				MTL_FAST_MATH = YES;
				SDKROOT = iphoneos;
				SWIFT_COMPILATION_MODE = wholemodule;
				SWIFT_OPTIMIZATION_LEVEL = "-O";
				VALIDATE_PRODUCT = YES;
			};
			name = Release;
		};
		866463142420DF0900EEB6C7 /* Debug */ = {
			isa = XCBuildConfiguration;
			baseConfigurationReference = 5BC19E9FDC024E1F465FEC42 /* Pods-Task.debug.xcconfig */;
			buildSettings = {
				ASSETCATALOG_COMPILER_APPICON_NAME = AppIcon;
				CODE_SIGN_STYLE = Automatic;
				DEVELOPMENT_TEAM = MMYVKB8855;
				INFOPLIST_FILE = Task/Info.plist;
				IPHONEOS_DEPLOYMENT_TARGET = 9.0;
				LD_RUNPATH_SEARCH_PATHS = (
					"$(inherited)",
					"@executable_path/Frameworks",
				);
				PRODUCT_BUNDLE_IDENTIFIER = eyad.Task;
				PRODUCT_NAME = "$(TARGET_NAME)";
				SWIFT_VERSION = 5.0;
				TARGETED_DEVICE_FAMILY = 1;
			};
			name = Debug;
		};
		866463152420DF0900EEB6C7 /* Release */ = {
			isa = XCBuildConfiguration;
			baseConfigurationReference = 0A2C9F1E8BDC86A8DC28DC0C /* Pods-Task.release.xcconfig */;
			buildSettings = {
				ASSETCATALOG_COMPILER_APPICON_NAME = AppIcon;
				CODE_SIGN_STYLE = Automatic;
				DEVELOPMENT_TEAM = MMYVKB8855;
				INFOPLIST_FILE = Task/Info.plist;
				IPHONEOS_DEPLOYMENT_TARGET = 9.0;
				LD_RUNPATH_SEARCH_PATHS = (
					"$(inherited)",
					"@executable_path/Frameworks",
				);
				PRODUCT_BUNDLE_IDENTIFIER = eyad.Task;
				PRODUCT_NAME = "$(TARGET_NAME)";
				SWIFT_VERSION = 5.0;
				TARGETED_DEVICE_FAMILY = 1;
			};
			name = Release;
		};
/* End XCBuildConfiguration section */

/* Begin XCConfigurationList section */
		866462F72420DF0400EEB6C7 /* Build configuration list for PBXProject "Task" */ = {
			isa = XCConfigurationList;
			buildConfigurations = (
				866463112420DF0900EEB6C7 /* Debug */,
				866463122420DF0900EEB6C7 /* Release */,
			);
			defaultConfigurationIsVisible = 0;
			defaultConfigurationName = Release;
		};
		866463132420DF0900EEB6C7 /* Build configuration list for PBXNativeTarget "Task" */ = {
			isa = XCConfigurationList;
			buildConfigurations = (
				866463142420DF0900EEB6C7 /* Debug */,
				866463152420DF0900EEB6C7 /* Release */,
			);
			defaultConfigurationIsVisible = 0;
			defaultConfigurationName = Release;
		};
/* End XCConfigurationList section */

/* Begin XCVersionGroup section */
		866463082420DF0400EEB6C7 /* Task.xcdatamodeld */ = {
			isa = XCVersionGroup;
			children = (
				866463092420DF0400EEB6C7 /* Task.xcdatamodel */,
			);
			currentVersion = 866463092420DF0400EEB6C7 /* Task.xcdatamodel */;
			path = Task.xcdatamodeld;
			sourceTree = "<group>";
			versionGroupType = wrapper.xcdatamodel;
		};
/* End XCVersionGroup section */
	};
	rootObject = 866462F42420DF0400EEB6C7 /* Project object */;
}
